
Microsoft Visual Studio Solution File, Format Version 12.00
# Visual Studio Version 16
VisualStudioVersion = 16.0.29728.190
MinimumVisualStudioVersion = 10.0.40219.1
Project("{FAE04EC0-301F-11D3-BF4B-00C04F79EFBC}") = "Ultimate Game Engine", "Ultimate Game Engine.csproj", "{63ECA426-7DD1-4759-8B31-AA83FE5E82B0}"
EndProject
Global
	GlobalSection(SolutionConfigurationPlatforms) = preSolution
		Debug|x86 = Debug|x86
		Release|x86 = Release|x86
	EndGlobalSection
	GlobalSection(ProjectConfigurationPlatforms) = postSolution
		{63ECA426-7DD1-4759-8B31-AA83FE5E82B0}.Debug|x86.ActiveCfg = Debug|x86
		{63ECA426-7DD1-4759-8B31-AA83FE5E82B0}.Debug|x86.Build.0 = Debug|x86
		{63ECA426-7DD1-4759-8B31-AA83FE5E82B0}.Release|x86.ActiveCfg = Release|x86
		{63ECA426-7DD1-4759-8B31-AA83FE5E82B0}.Release|x86.Build.0 = Release|x86
	EndGlobalSection
	GlobalSection(SolutionProperties) = preSolution
		HideSolutionNode = FALSE
	EndGlobalSection
	GlobalSection(ExtensibilityGlobals) = postSolution
		SolutionGuid = {D9CA7BD4-B784-4BE7-9361-E8DD0230AB0E}
	EndGlobalSection
EndGlobal
